schema: '2.0'
stages:
  load_data:
    cmd: python src/load_data.py --config=parmas.yaml
    deps:
    - path: data_given/winequality-red.csv
      hash: md5
      md5: 2daeecee174368f8a33b82c8cccae3a5
      size: 84199
    - path: src/get_data.py
      hash: md5
      md5: 4f0cf40c2551f8013890c14a8a63cca7
      size: 702
    - path: src/load_data.py
      hash: md5
      md5: 92909427cad2f0036198f0bb6fd3f44e
      size: 632
    outs:
    - path: data/raw/winequality-red.csv
      hash: md5
      md5: 984cd3fee6847e8327fe5a7ae46db4ca
      size: 93599
  split_data:
    cmd: python src/split_data.py --config=params.yaml
    deps:
    - path: data/raw/winequality-red.csv
      hash: md5
      md5: 984cd3fee6847e8327fe5a7ae46db4ca
      size: 93599
    - path: src/split_data.py
      hash: md5
      md5: 7f1495a7497006c0e9e4425829242a36
      size: 1024
    outs:
    - path: data/processed/test_winequality.csv
      hash: md5
      md5: ace262b3a99407d362bae28340a09722
      size: 18832
    - path: data/processed/train_winequality.csv
      hash: md5
      md5: f8702ef542a935837ca056a87b35379d
      size: 74914
  train_and_evaluate:
    cmd: python src/train_and_evaluate.py --config=params.yaml
    deps:
    - path: data/processed/test_winequality.csv
      hash: md5
      md5: ace262b3a99407d362bae28340a09722
      size: 18832
    - path: data/processed/train_winequality.csv
      hash: md5
      md5: f8702ef542a935837ca056a87b35379d
      size: 74914
    - path: src/train_and_evaluate.py
      hash: md5
      md5: d0bb124e046f7a9dda22e62deca15514
      size: 2408
    params:
      params.yaml:
        estimators.ElasticNet.params.alpha: 0.88
        estimators.ElasticNet.params.l1_ratio: 0.89
    outs:
    - path: report\params.json
      hash: md5
      md5: 755b8fd0b91a91aa84d16d6699480af6
      size: 46
    - path: report\scores.json
      hash: md5
      md5: 817cef279a79e424cdff9c3aeaa68d6e
      size: 100
